// !$*UTF8*$!
{
	archiveVersion = 1;
	classes = {
	};
	objectVersion = 77;
	objects = {

/* Begin PBXBuildFile section */
		09F8E54D8C39B87D7F6FB2F5 /* ProfileView.swift in Sources */ = {isa = PBXBuildFile; fileRef = 4FC51FE1409693873219ACAD /* ProfileView.swift */; };
		0A477ACDE18B04688AA15984 /* GoalsViewModel.swift in Sources */ = {isa = PBXBuildFile; fileRef = 91CAFF8CD7262CF4DA33830B /* GoalsViewModel.swift */; };
		0A644A70D36B6D1A50329B9B /* Localizable.strings in Resources */ = {isa = PBXBuildFile; fileRef = 7281F42EAC34ED2D3C34A050 /* Localizable.strings */; };
		0D64DE43EFF0C029C327A49B /* TransactionEditViewModel.swift in Sources */ = {isa = PBXBuildFile; fileRef = 38B8AC45E7B67A409F6B9CD5 /* TransactionEditViewModel.swift */; };
		14B3B4BACF841E86AEFB62C0 /* BudgetView.swift in Sources */ = {isa = PBXBuildFile; fileRef = 84B4FBD2A8A867557BE0580C /* BudgetView.swift */; };
		311052FAEE418348C922ECAC /* ProfileViewModel.swift in Sources */ = {isa = PBXBuildFile; fileRef = DAF5C182E74F7F12F8372820 /* ProfileViewModel.swift */; };
		3E565F34B8B52CCC623DEAAC /* Assets.xcassets in Resources */ = {isa = PBXBuildFile; fileRef = EA0C891F279F02AB1AF112B7 /* Assets.xcassets */; };
		41F5FC124DAA8F6EEF60AFDA /* ContentView.swift in Sources */ = {isa = PBXBuildFile; fileRef = 967C4061D10C2F995DE23680 /* ContentView.swift */; };
		460B5060D29A62783B3A55F9 /* ConsentView.swift in Sources */ = {isa = PBXBuildFile; fileRef = 4DE6653FD6C605BC80A0566E /* ConsentView.swift */; };
		46E1DB269BE34740217021CF /* HistoryView.swift in Sources */ = {isa = PBXBuildFile; fileRef = DAD94618035E3162D7310739 /* HistoryView.swift */; };
		4D7A3FA5B5099D544A5CEC47 /* AuthView.swift in Sources */ = {isa = PBXBuildFile; fileRef = D5AF2312BCC1E648DCDE9292 /* AuthView.swift */; };
		6383991F52D7CC16E8083F98 /* CalendarViewModel.swift in Sources */ = {isa = PBXBuildFile; fileRef = 7A2925490E17D80FBF681B47 /* CalendarViewModel.swift */; };
		6BAB445108A25A443BE10FF6 /* AnalyticsViewModel.swift in Sources */ = {isa = PBXBuildFile; fileRef = 033FE341EFF01947127B4E36 /* AnalyticsViewModel.swift */; };
		7F677979A0B35EAA8708640E /* HistoryViewModel.swift in Sources */ = {isa = PBXBuildFile; fileRef = EAE432793DC896C9BD6BF2EC /* HistoryViewModel.swift */; };
		80F89E19BC9FCD08B3952ED9 /* RecurringView.swift in Sources */ = {isa = PBXBuildFile; fileRef = 07870B08FA69A0DB136E8687 /* RecurringView.swift */; };
		8BC8C87552FD7F611D7CEFF8 /* AnalyticsView.swift in Sources */ = {isa = PBXBuildFile; fileRef = B53931A344D44EECEF58250F /* AnalyticsView.swift */; };
		8CCA291352429C90DF09A805 /* GoalsView.swift in Sources */ = {isa = PBXBuildFile; fileRef = A56E6513597620FCFA307C84 /* GoalsView.swift */; };
		A84309CD83701BDA68E032A7 /* AuthViewModel.swift in Sources */ = {isa = PBXBuildFile; fileRef = 5E65E2ED63F4B1967782266C /* AuthViewModel.swift */; };
		ACAED80762AAFBE3EB2EF92D /* PrivacyPolicyView.swift in Sources */ = {isa = PBXBuildFile; fileRef = 102E6590DD5224E96BF0FC8E /* PrivacyPolicyView.swift */; };
		B4D36874B76ECF3A280DB961 /* CalendarView.swift in Sources */ = {isa = PBXBuildFile; fileRef = BE7A539346C77319D9767015 /* CalendarView.swift */; };
		B6BDA752622BF1EFFC5ABD9B /* RecordView.swift in Sources */ = {isa = PBXBuildFile; fileRef = 6F0F83DEC75A0149215AAC21 /* RecordView.swift */; };
		C7A72F62CC4CEB6FAEEBDE0D /* DashboardView.swift in Sources */ = {isa = PBXBuildFile; fileRef = AAF26603A75632B2DCC791A6 /* DashboardView.swift */; };
		C8D45C5208D5751356F3DAF9 /* DashboardViewModel.swift in Sources */ = {isa = PBXBuildFile; fileRef = DF61AF33B19D68C2192053EE /* DashboardViewModel.swift */; };
		C93A14FF6D965FBF833C21F2 /* TransactionEditView.swift in Sources */ = {isa = PBXBuildFile; fileRef = 5E3313A6F54776A1E0FB9ED8 /* TransactionEditView.swift */; };
		CADD65450A6EA70BB7ECC4C7 /* LanguageManager.swift in Sources */ = {isa = PBXBuildFile; fileRef = 5341AE37F09FFCCD259C638E /* LanguageManager.swift */; };
		D5AD3A558F4B9A431CC02473 /* APIClient.swift in Sources */ = {isa = PBXBuildFile; fileRef = 8235070EE4131C5A9E6A94D4 /* APIClient.swift */; };
		E344658D792C228B8193B579 /* RecordViewModel.swift in Sources */ = {isa = PBXBuildFile; fileRef = 82CC11BD8EA8530FC45549C9 /* RecordViewModel.swift */; };
		FB9249D187DC0641BD6B3A31 /* BudgetViewModel.swift in Sources */ = {isa = PBXBuildFile; fileRef = 98FA336DB375A3AB6122A519 /* BudgetViewModel.swift */; };
		FBAE3FA278184225D908C31B /* RecurringViewModel.swift in Sources */ = {isa = PBXBuildFile; fileRef = 7A8E172A5B6F3C5D007C26F4 /* RecurringViewModel.swift */; };
		FC94419B05C6E83DDDCD8B52 /* FinanceTrackerApp.swift in Sources */ = {isa = PBXBuildFile; fileRef = 8C7D22FF552A54C707D08AA2 /* FinanceTrackerApp.swift */; };
/* End PBXBuildFile section */

/* Begin PBXFileReference section */
		033FE341EFF01947127B4E36 /* AnalyticsViewModel.swift */ = {isa = PBXFileReference; lastKnownFileType = sourcecode.swift; path = AnalyticsViewModel.swift; sourceTree = "<group>"; };
		07870B08FA69A0DB136E8687 /* RecurringView.swift */ = {isa = PBXFileReference; lastKnownFileType = sourcecode.swift; path = RecurringView.swift; sourceTree = "<group>"; };
		08AE475F6FDB0586FD259F5D /* en */ = {isa = PBXFileReference; lastKnownFileType = text.plist.strings; name = en; path = en.lproj/Localizable.strings; sourceTree = "<group>"; };
		102E6590DD5224E96BF0FC8E /* PrivacyPolicyView.swift */ = {isa = PBXFileReference; lastKnownFileType = sourcecode.swift; path = PrivacyPolicyView.swift; sourceTree = "<group>"; };
		21885EE68276AE0832AB4FFD /* Info.plist */ = {isa = PBXFileReference; lastKnownFileType = text.plist; path = Info.plist; sourceTree = "<group>"; };
		38B8AC45E7B67A409F6B9CD5 /* TransactionEditViewModel.swift */ = {isa = PBXFileReference; lastKnownFileType = sourcecode.swift; path = TransactionEditViewModel.swift; sourceTree = "<group>"; };
		4DE6653FD6C605BC80A0566E /* ConsentView.swift */ = {isa = PBXFileReference; lastKnownFileType = sourcecode.swift; path = ConsentView.swift; sourceTree = "<group>"; };
		4FC51FE1409693873219ACAD /* ProfileView.swift */ = {isa = PBXFileReference; lastKnownFileType = sourcecode.swift; path = ProfileView.swift; sourceTree = "<group>"; };
		5341AE37F09FFCCD259C638E /* LanguageManager.swift */ = {isa = PBXFileReference; lastKnownFileType = sourcecode.swift; path = LanguageManager.swift; sourceTree = "<group>"; };
		5E3313A6F54776A1E0FB9ED8 /* TransactionEditView.swift */ = {isa = PBXFileReference; lastKnownFileType = sourcecode.swift; path = TransactionEditView.swift; sourceTree = "<group>"; };
		5E65E2ED63F4B1967782266C /* AuthViewModel.swift */ = {isa = PBXFileReference; lastKnownFileType = sourcecode.swift; path = AuthViewModel.swift; sourceTree = "<group>"; };
		6F0F83DEC75A0149215AAC21 /* RecordView.swift */ = {isa = PBXFileReference; lastKnownFileType = sourcecode.swift; path = RecordView.swift; sourceTree = "<group>"; };
		757995A4D36A72157916AA04 /* FinanceTracker.app */ = {isa = PBXFileReference; includeInIndex = 0; lastKnownFileType = wrapper.application; path = FinanceTracker.app; sourceTree = BUILT_PRODUCTS_DIR; };
		7A2925490E17D80FBF681B47 /* CalendarViewModel.swift */ = {isa = PBXFileReference; lastKnownFileType = sourcecode.swift; path = CalendarViewModel.swift; sourceTree = "<group>"; };
		7A8E172A5B6F3C5D007C26F4 /* RecurringViewModel.swift */ = {isa = PBXFileReference; lastKnownFileType = sourcecode.swift; path = RecurringViewModel.swift; sourceTree = "<group>"; };
		8235070EE4131C5A9E6A94D4 /* APIClient.swift */ = {isa = PBXFileReference; lastKnownFileType = sourcecode.swift; path = APIClient.swift; sourceTree = "<group>"; };
		82CC11BD8EA8530FC45549C9 /* RecordViewModel.swift */ = {isa = PBXFileReference; lastKnownFileType = sourcecode.swift; path = RecordViewModel.swift; sourceTree = "<group>"; };
		84B4FBD2A8A867557BE0580C /* BudgetView.swift */ = {isa = PBXFileReference; lastKnownFileType = sourcecode.swift; path = BudgetView.swift; sourceTree = "<group>"; };
		8C7D22FF552A54C707D08AA2 /* FinanceTrackerApp.swift */ = {isa = PBXFileReference; lastKnownFileType = sourcecode.swift; path = FinanceTrackerApp.swift; sourceTree = "<group>"; };
		91CAFF8CD7262CF4DA33830B /* GoalsViewModel.swift */ = {isa = PBXFileReference; lastKnownFileType = sourcecode.swift; path = GoalsViewModel.swift; sourceTree = "<group>"; };
		967C4061D10C2F995DE23680 /* ContentView.swift */ = {isa = PBXFileReference; lastKnownFileType = sourcecode.swift; path = ContentView.swift; sourceTree = "<group>"; };
		98FA336DB375A3AB6122A519 /* BudgetViewModel.swift */ = {isa = PBXFileReference; lastKnownFileType = sourcecode.swift; path = BudgetViewModel.swift; sourceTree = "<group>"; };
		A56E6513597620FCFA307C84 /* GoalsView.swift */ = {isa = PBXFileReference; lastKnownFileType = sourcecode.swift; path = GoalsView.swift; sourceTree = "<group>"; };
		AAF26603A75632B2DCC791A6 /* DashboardView.swift */ = {isa = PBXFileReference; lastKnownFileType = sourcecode.swift; path = DashboardView.swift; sourceTree = "<group>"; };
		B53931A344D44EECEF58250F /* AnalyticsView.swift */ = {isa = PBXFileReference; lastKnownFileType = sourcecode.swift; path = AnalyticsView.swift; sourceTree = "<group>"; };
		BE7A539346C77319D9767015 /* CalendarView.swift */ = {isa = PBXFileReference; lastKnownFileType = sourcecode.swift; path = CalendarView.swift; sourceTree = "<group>"; };
		D5AF2312BCC1E648DCDE9292 /* AuthView.swift */ = {isa = PBXFileReference; lastKnownFileType = sourcecode.swift; path = AuthView.swift; sourceTree = "<group>"; };
		DAD94618035E3162D7310739 /* HistoryView.swift */ = {isa = PBXFileReference; lastKnownFileType = sourcecode.swift; path = HistoryView.swift; sourceTree = "<group>"; };
		DAF5C182E74F7F12F8372820 /* ProfileViewModel.swift */ = {isa = PBXFileReference; lastKnownFileType = sourcecode.swift; path = ProfileViewModel.swift; sourceTree = "<group>"; };
		DF61AF33B19D68C2192053EE /* DashboardViewModel.swift */ = {isa = PBXFileReference; lastKnownFileType = sourcecode.swift; path = DashboardViewModel.swift; sourceTree = "<group>"; };
		EA0C891F279F02AB1AF112B7 /* Assets.xcassets */ = {isa = PBXFileReference; lastKnownFileType = folder.assetcatalog; path = Assets.xcassets; sourceTree = "<group>"; };
		EAE432793DC896C9BD6BF2EC /* HistoryViewModel.swift */ = {isa = PBXFileReference; lastKnownFileType = sourcecode.swift; path = HistoryViewModel.swift; sourceTree = "<group>"; };
		F2C4F151988DEEABE586B1B8 /* zh-Hans */ = {isa = PBXFileReference; lastKnownFileType = text.plist.strings; name = "zh-Hans"; path = "zh-Hans.lproj/Localizable.strings"; sourceTree = "<group>"; };
/* End PBXFileReference section */

/* Begin PBXGroup section */
		0A3A7A3888BE811A5DE0E36C /* Record */ = {
			isa = PBXGroup;
			children = (
				6F0F83DEC75A0149215AAC21 /* RecordView.swift */,
				82CC11BD8EA8530FC45549C9 /* RecordViewModel.swift */,
			);
			path = Record;
			sourceTree = "<group>";
		};
		0DAF3C6DA523A53002863DED /* Budget */ = {
			isa = PBXGroup;
			children = (
				84B4FBD2A8A867557BE0580C /* BudgetView.swift */,
				98FA336DB375A3AB6122A519 /* BudgetViewModel.swift */,
			);
			path = Budget;
			sourceTree = "<group>";
		};
		25B03D1C91D655F5CBC901F9 /* App */ = {
			isa = PBXGroup;
			children = (
				967C4061D10C2F995DE23680 /* ContentView.swift */,
				8C7D22FF552A54C707D08AA2 /* FinanceTrackerApp.swift */,
				5341AE37F09FFCCD259C638E /* LanguageManager.swift */,
			);
			path = App;
			sourceTree = "<group>";
		};
		2A6040FA3EB19286A7C9FA80 /* History */ = {
			isa = PBXGroup;
			children = (
				DAD94618035E3162D7310739 /* HistoryView.swift */,
				EAE432793DC896C9BD6BF2EC /* HistoryViewModel.swift */,
				5E3313A6F54776A1E0FB9ED8 /* TransactionEditView.swift */,
				38B8AC45E7B67A409F6B9CD5 /* TransactionEditViewModel.swift */,
			);
			path = History;
			sourceTree = "<group>";
		};
		30F0C7ED7C9A8691C4E1885B /* Auth */ = {
			isa = PBXGroup;
			children = (
				D5AF2312BCC1E648DCDE9292 /* AuthView.swift */,
				5E65E2ED63F4B1967782266C /* AuthViewModel.swift */,
			);
			path = Auth;
			sourceTree = "<group>";
		};
		343055944EC6722D9C82C82B /* Products */ = {
			isa = PBXGroup;
			children = (
				757995A4D36A72157916AA04 /* FinanceTracker.app */,
			);
			name = Products;
			sourceTree = "<group>";
		};
		354E2363D86804FFEB3AA7DD /* Network */ = {
			isa = PBXGroup;
			children = (
				8235070EE4131C5A9E6A94D4 /* APIClient.swift */,
			);
			path = Network;
			sourceTree = "<group>";
		};
		3923891E5F959246D4F1B657 /* Calendar */ = {
			isa = PBXGroup;
			children = (
				BE7A539346C77319D9767015 /* CalendarView.swift */,
				7A2925490E17D80FBF681B47 /* CalendarViewModel.swift */,
			);
			path = Calendar;
			sourceTree = "<group>";
		};
		3F17A19E68F24BE6A9ED1667 /* Profile */ = {
			isa = PBXGroup;
			children = (
				4FC51FE1409693873219ACAD /* ProfileView.swift */,
				DAF5C182E74F7F12F8372820 /* ProfileViewModel.swift */,
			);
			path = Profile;
			sourceTree = "<group>";
		};
		5010CD9F8164296862D93904 /* Goals */ = {
			isa = PBXGroup;
			children = (
				A56E6513597620FCFA307C84 /* GoalsView.swift */,
				91CAFF8CD7262CF4DA33830B /* GoalsViewModel.swift */,
			);
			path = Goals;
			sourceTree = "<group>";
		};
		6B13478A17466158BA2A2FBE /* Dashboard */ = {
			isa = PBXGroup;
			children = (
				AAF26603A75632B2DCC791A6 /* DashboardView.swift */,
				DF61AF33B19D68C2192053EE /* DashboardViewModel.swift */,
			);
			path = Dashboard;
			sourceTree = "<group>";
		};
		8DDDC76D109687966D45D728 /* Analytics */ = {
			isa = PBXGroup;
			children = (
				B53931A344D44EECEF58250F /* AnalyticsView.swift */,
				033FE341EFF01947127B4E36 /* AnalyticsViewModel.swift */,
			);
			path = Analytics;
			sourceTree = "<group>";
		};
		96A44920FA9738DEBC1C927F /* Resources */ = {
			isa = PBXGroup;
			children = (
				EA0C891F279F02AB1AF112B7 /* Assets.xcassets */,
				21885EE68276AE0832AB4FFD /* Info.plist */,
				7281F42EAC34ED2D3C34A050 /* Localizable.strings */,
			);
			path = Resources;
			sourceTree = "<group>";
		};
		B9D9650F549E4BD668D52549 /* Onboarding */ = {
			isa = PBXGroup;
			children = (
				4DE6653FD6C605BC80A0566E /* ConsentView.swift */,
				102E6590DD5224E96BF0FC8E /* PrivacyPolicyView.swift */,
			);
			path = Onboarding;
			sourceTree = "<group>";
		};
		C311382A5459401252CECA4F /* FinanceTracker */ = {
			isa = PBXGroup;
			children = (
				8DDDC76D109687966D45D728 /* Analytics */,
				25B03D1C91D655F5CBC901F9 /* App */,
				30F0C7ED7C9A8691C4E1885B /* Auth */,
				0DAF3C6DA523A53002863DED /* Budget */,
				3923891E5F959246D4F1B657 /* Calendar */,
				6B13478A17466158BA2A2FBE /* Dashboard */,
				5010CD9F8164296862D93904 /* Goals */,
				2A6040FA3EB19286A7C9FA80 /* History */,
				354E2363D86804FFEB3AA7DD /* Network */,
				B9D9650F549E4BD668D52549 /* Onboarding */,
				3F17A19E68F24BE6A9ED1667 /* Profile */,
				0A3A7A3888BE811A5DE0E36C /* Record */,
				DCB027162F86EB71FAC02DEE /* Recurring */,
				96A44920FA9738DEBC1C927F /* Resources */,
			);
			path = FinanceTracker;
			sourceTree = "<group>";
		};
		DCB027162F86EB71FAC02DEE /* Recurring */ = {
			isa = PBXGroup;
			children = (
				07870B08FA69A0DB136E8687 /* RecurringView.swift */,
				7A8E172A5B6F3C5D007C26F4 /* RecurringViewModel.swift */,
			);
			path = Recurring;
			sourceTree = "<group>";
		};
		F18B063A2151E677CF5EE1F6 = {
			isa = PBXGroup;
			children = (
				C311382A5459401252CECA4F /* FinanceTracker */,
				343055944EC6722D9C82C82B /* Products */,
			);
			sourceTree = "<group>";
		};
/* End PBXGroup section */

/* Begin PBXNativeTarget section */
		699EDD251BE9DFDD836EA7BB /* FinanceTracker */ = {
			isa = PBXNativeTarget;
			buildConfigurationList = 082B2FFE7CB25F76BB28F223 /* Build configuration list for PBXNativeTarget "FinanceTracker" */;
			buildPhases = (
				4F22C03D920852464DF701A1 /* Sources */,
				E4C93925ECA2FD7A1BD7A5E3 /* Resources */,
			);
			buildRules = (
			);
			dependencies = (
			);
			name = FinanceTracker;
			packageProductDependencies = (
			);
			productName = FinanceTracker;
			productReference = 757995A4D36A72157916AA04 /* FinanceTracker.app */;
			productType = "com.apple.product-type.application";
		};
/* End PBXNativeTarget section */

/* Begin PBXProject section */
		1921333CFB472A9A1F79BA0F /* Project object */ = {
			isa = PBXProject;
			attributes = {
				BuildIndependentTargetsInParallel = YES;
				LastUpgradeCheck = 1700;
				TargetAttributes = {
				};
			};
			buildConfigurationList = 77D33ED47111572A316EC4DD /* Build configuration list for PBXProject "FinanceTracker" */;
			developmentRegion = en;
			hasScannedForEncodings = 0;
			knownRegions = (
				Base,
				en,
				"zh-Hans",
			);
			mainGroup = F18B063A2151E677CF5EE1F6;
			minimizedProjectReferenceProxies = 1;
			preferredProjectObjectVersion = 77;
			productRefGroup = 343055944EC6722D9C82C82B /* Products */;
			projectDirPath = "";
			projectRoot = "";
			targets = (
				699EDD251BE9DFDD836EA7BB /* FinanceTracker */,
			);
		};
/* End PBXProject section */

/* Begin PBXResourcesBuildPhase section */
		E4C93925ECA2FD7A1BD7A5E3 /* Resources */ = {
			isa = PBXResourcesBuildPhase;
			buildActionMask = 2147483647;
			files = (
				3E565F34B8B52CCC623DEAAC /* Assets.xcassets in Resources */,
				0A644A70D36B6D1A50329B9B /* Localizable.strings in Resources */,
			);
			runOnlyForDeploymentPostprocessing = 0;
		};
/* End PBXResourcesBuildPhase section */

/* Begin PBXSourcesBuildPhase section */
		4F22C03D920852464DF701A1 /* Sources */ = {
			isa = PBXSourcesBuildPhase;
			buildActionMask = 2147483647;
			files = (
				D5AD3A558F4B9A431CC02473 /* APIClient.swift in Sources */,
				8BC8C87552FD7F611D7CEFF8 /* AnalyticsView.swift in Sources */,
				6BAB445108A25A443BE10FF6 /* AnalyticsViewModel.swift in Sources */,
				4D7A3FA5B5099D544A5CEC47 /* AuthView.swift in Sources */,
				A84309CD83701BDA68E032A7 /* AuthViewModel.swift in Sources */,
				14B3B4BACF841E86AEFB62C0 /* BudgetView.swift in Sources */,
				FB9249D187DC0641BD6B3A31 /* BudgetViewModel.swift in Sources */,
				B4D36874B76ECF3A280DB961 /* CalendarView.swift in Sources */,
				6383991F52D7CC16E8083F98 /* CalendarViewModel.swift in Sources */,
				460B5060D29A62783B3A55F9 /* ConsentView.swift in Sources */,
				41F5FC124DAA8F6EEF60AFDA /* ContentView.swift in Sources */,
				C7A72F62CC4CEB6FAEEBDE0D /* DashboardView.swift in Sources */,
				C8D45C5208D5751356F3DAF9 /* DashboardViewModel.swift in Sources */,
				FC94419B05C6E83DDDCD8B52 /* FinanceTrackerApp.swift in Sources */,
				8CCA291352429C90DF09A805 /* GoalsView.swift in Sources */,
				0A477ACDE18B04688AA15984 /* GoalsViewModel.swift in Sources */,
				46E1DB269BE34740217021CF /* HistoryView.swift in Sources */,
				7F677979A0B35EAA8708640E /* HistoryViewModel.swift in Sources */,
				CADD65450A6EA70BB7ECC4C7 /* LanguageManager.swift in Sources */,
				ACAED80762AAFBE3EB2EF92D /* PrivacyPolicyView.swift in Sources */,
				09F8E54D8C39B87D7F6FB2F5 /* ProfileView.swift in Sources */,
				311052FAEE418348C922ECAC /* ProfileViewModel.swift in Sources */,
				B6BDA752622BF1EFFC5ABD9B /* RecordView.swift in Sources */,
				E344658D792C228B8193B579 /* RecordViewModel.swift in Sources */,
				80F89E19BC9FCD08B3952ED9 /* RecurringView.swift in Sources */,
				FBAE3FA278184225D908C31B /* RecurringViewModel.swift in Sources */,
				C93A14FF6D965FBF833C21F2 /* TransactionEditView.swift in Sources */,
				0D64DE43EFF0C029C327A49B /* TransactionEditViewModel.swift in Sources */,
			);
			runOnlyForDeploymentPostprocessing = 0;
		};
/* End PBXSourcesBuildPhase section */

/* Begin PBXVariantGroup section */
		7281F42EAC34ED2D3C34A050 /* Localizable.strings */ = {
			isa = PBXVariantGroup;
			children = (
				08AE475F6FDB0586FD259F5D /* en */,
				F2C4F151988DEEABE586B1B8 /* zh-Hans */,
			);
			name = Localizable.strings;
			sourceTree = "<group>";
		};
/* End PBXVariantGroup section */

/* Begin XCBuildConfiguration section */
		29804E571D0CD9CF839E53CA /* Release */ = {
			isa = XCBuildConfiguration;
			buildSettings = {
				ALWAYS_SEARCH_USER_PATHS = NO;
				CLANG_ANALYZER_NONNULL = YES;
				CLANG_ANALYZER_NUMBER_OBJECT_CONVERSION = YES_AGGRESSIVE;
				CLANG_CXX_LANGUAGE_STANDARD = "gnu++14";
				CLANG_CXX_LIBRARY = "libc++";
				CLANG_ENABLE_MODULES = YES;
				CLANG_ENABLE_OBJC_ARC = YES;
				CLANG_ENABLE_OBJC_WEAK = YES;
				CLANG_WARN_BLOCK_CAPTURE_AUTORELEASING = YES;
				CLANG_WARN_BOOL_CONVERSION = YES;
				CLANG_WARN_COMMA = YES;
				CLANG_WARN_CONSTANT_CONVERSION = YES;
				CLANG_WARN_DEPRECATED_OBJC_IMPLEMENTATIONS = YES;
				CLANG_WARN_DIRECT_OBJC_ISA_USAGE = YES_ERROR;
				CLANG_WARN_DOCUMENTATION_COMMENTS = YES;
				CLANG_WARN_EMPTY_BODY = YES;
				CLANG_WARN_ENUM_CONVERSION = YES;
				CLANG_WARN_INFINITE_RECURSION = YES;
				CLANG_WARN_INT_CONVERSION = YES;
				CLANG_WARN_NON_LITERAL_NULL_CONVERSION = YES;
				CLANG_WARN_OBJC_IMPLICIT_RETAIN_SELF = YES;
				CLANG_WARN_OBJC_LITERAL_CONVERSION = YES;
				CLANG_WARN_OBJC_ROOT_CLASS = YES_ERROR;
				CLANG_WARN_QUOTED_INCLUDE_IN_FRAMEWORK_HEADER = YES;
				CLANG_WARN_RANGE_LOOP_ANALYSIS = YES;
				CLANG_WARN_STRICT_PROTOTYPES = YES;
				CLANG_WARN_SUSPICIOUS_MOVE = YES;
				CLANG_WARN_UNGUARDED_AVAILABILITY = YES_AGGRESSIVE;
				CLANG_WARN_UNREACHABLE_CODE = YES;
				CLANG_WARN__DUPLICATE_METHOD_MATCH = YES;
				COPY_PHASE_STRIP = NO;
				DEBUG_INFORMATION_FORMAT = "dwarf-with-dsym";
				ENABLE_NS_ASSERTIONS = NO;
				ENABLE_STRICT_OBJC_MSGSEND = YES;
				GCC_C_LANGUAGE_STANDARD = gnu11;
				GCC_NO_COMMON_BLOCKS = YES;
				GCC_WARN_64_TO_32_BIT_CONVERSION = YES;
				GCC_WARN_ABOUT_RETURN_TYPE = YES_ERROR;
				GCC_WARN_UNDECLARED_SELECTOR = YES;
				GCC_WARN_UNINITIALIZED_AUTOS = YES_AGGRESSIVE;
				GCC_WARN_UNUSED_FUNCTION = YES;
				GCC_WARN_UNUSED_VARIABLE = YES;
				IPHONEOS_DEPLOYMENT_TARGET = 17.0;
				MTL_ENABLE_DEBUG_INFO = NO;
				MTL_FAST_MATH = YES;
				PRODUCT_NAME = "$(TARGET_NAME)";
				SDKROOT = iphoneos;
				SWIFT_COMPILATION_MODE = wholemodule;
				SWIFT_OPTIMIZATION_LEVEL = "-O";
				SWIFT_VERSION = 5.9;
			};
			name = Release;
		};
		42C11A8BB9328FF6C7594467 /* Debug */ = {
			isa = XCBuildConfiguration;
			buildSettings = {
				API_BASE_URL = "https://www.wisefintrakr.com";
				ASSETCATALOG_COMPILER_APPICON_NAME = AppIcon;
				CODE_SIGN_IDENTITY = "iPhone Developer";
				INFOPLIST_FILE = FinanceTracker/Resources/Info.plist;
				IPHONEOS_DEPLOYMENT_TARGET = 17.0;
				LD_RUNPATH_SEARCH_PATHS = (
					"$(inherited)",
					"@executable_path/Frameworks",
				);
				PRODUCT_BUNDLE_IDENTIFIER = com.financetracker.app;
				SDKROOT = iphoneos;
				SWIFT_VERSION = 5.9;
				TARGETED_DEVICE_FAMILY = "1,2";
			};
			name = Debug;
		};
		C35098EB1746D39016DA67F5 /* Release */ = {
			isa = XCBuildConfiguration;
			buildSettings = {
				API_BASE_URL = "https://www.wisefintrakr.com";
				ASSETCATALOG_COMPILER_APPICON_NAME = AppIcon;
				CODE_SIGN_IDENTITY = "iPhone Developer";
				INFOPLIST_FILE = FinanceTracker/Resources/Info.plist;
				IPHONEOS_DEPLOYMENT_TARGET = 17.0;
				LD_RUNPATH_SEARCH_PATHS = (
					"$(inherited)",
					"@executable_path/Frameworks",
				);
				PRODUCT_BUNDLE_IDENTIFIER = com.financetracker.app;
				SDKROOT = iphoneos;
				SWIFT_VERSION = 5.9;
				TARGETED_DEVICE_FAMILY = "1,2";
			};
			name = Release;
		};
		D5C8A8A27B823AC5DDC1CF49 /* Debug */ = {
			isa = XCBuildConfiguration;
			buildSettings = {
				ALWAYS_SEARCH_USER_PATHS = NO;
				CLANG_ANALYZER_NONNULL = YES;
				CLANG_ANALYZER_NUMBER_OBJECT_CONVERSION = YES_AGGRESSIVE;
				CLANG_CXX_LANGUAGE_STANDARD = "gnu++14";
				CLANG_CXX_LIBRARY = "libc++";
				CLANG_ENABLE_MODULES = YES;
				CLANG_ENABLE_OBJC_ARC = YES;
				CLANG_ENABLE_OBJC_WEAK = YES;
				CLANG_WARN_BLOCK_CAPTURE_AUTORELEASING = YES;
				CLANG_WARN_BOOL_CONVERSION = YES;
				CLANG_WARN_COMMA = YES;
				CLANG_WARN_CONSTANT_CONVERSION = YES;
				CLANG_WARN_DEPRECATED_OBJC_IMPLEMENTATIONS = YES;
				CLANG_WARN_DIRECT_OBJC_ISA_USAGE = YES_ERROR;
				CLANG_WARN_DOCUMENTATION_COMMENTS = YES;
				CLANG_WARN_EMPTY_BODY = YES;
				CLANG_WARN_ENUM_CONVERSION = YES;
				CLANG_WARN_INFINITE_RECURSION = YES;
				CLANG_WARN_INT_CONVERSION = YES;
				CLANG_WARN_NON_LITERAL_NULL_CONVERSION = YES;
				CLANG_WARN_OBJC_IMPLICIT_RETAIN_SELF = YES;
				CLANG_WARN_OBJC_LITERAL_CONVERSION = YES;
				CLANG_WARN_OBJC_ROOT_CLASS = YES_ERROR;
				CLANG_WARN_QUOTED_INCLUDE_IN_FRAMEWORK_HEADER = YES;
				CLANG_WARN_RANGE_LOOP_ANALYSIS = YES;
				CLANG_WARN_STRICT_PROTOTYPES = YES;
				CLANG_WARN_SUSPICIOUS_MOVE = YES;
				CLANG_WARN_UNGUARDED_AVAILABILITY = YES_AGGRESSIVE;
				CLANG_WARN_UNREACHABLE_CODE = YES;
				CLANG_WARN__DUPLICATE_METHOD_MATCH = YES;
				COPY_PHASE_STRIP = NO;
				DEBUG_INFORMATION_FORMAT = dwarf;
				ENABLE_STRICT_OBJC_MSGSEND = YES;
				ENABLE_TESTABILITY = YES;
				GCC_C_LANGUAGE_STANDARD = gnu11;
				GCC_DYNAMIC_NO_PIC = NO;
				GCC_NO_COMMON_BLOCKS = YES;
				GCC_OPTIMIZATION_LEVEL = 0;
				GCC_PREPROCESSOR_DEFINITIONS = (
					"$(inherited)",
					"DEBUG=1",
				);
				GCC_WARN_64_TO_32_BIT_CONVERSION = YES;
				GCC_WARN_ABOUT_RETURN_TYPE = YES_ERROR;
				GCC_WARN_UNDECLARED_SELECTOR = YES;
				GCC_WARN_UNINITIALIZED_AUTOS = YES_AGGRESSIVE;
				GCC_WARN_UNUSED_FUNCTION = YES;
				GCC_WARN_UNUSED_VARIABLE = YES;
				IPHONEOS_DEPLOYMENT_TARGET = 17.0;
				MTL_ENABLE_DEBUG_INFO = INCLUDE_SOURCE;
				MTL_FAST_MATH = YES;
				ONLY_ACTIVE_ARCH = YES;
				PRODUCT_NAME = "$(TARGET_NAME)";
				SDKROOT = iphoneos;
				SWIFT_ACTIVE_COMPILATION_CONDITIONS = DEBUG;
				SWIFT_OPTIMIZATION_LEVEL = "-Onone";
				SWIFT_VERSION = 5.9;
			};
			name = Debug;
		};
/* End XCBuildConfiguration section */

/* Begin XCConfigurationList section */
		082B2FFE7CB25F76BB28F223 /* Build configuration list for PBXNativeTarget "FinanceTracker" */ = {
			isa = XCConfigurationList;
			buildConfigurations = (
				42C11A8BB9328FF6C7594467 /* Debug */,
				C35098EB1746D39016DA67F5 /* Release */,
			);
			defaultConfigurationIsVisible = 0;
			defaultConfigurationName = Debug;
		};
		77D33ED47111572A316EC4DD /* Build configuration list for PBXProject "FinanceTracker" */ = {
			isa = XCConfigurationList;
			buildConfigurations = (
				D5C8A8A27B823AC5DDC1CF49 /* Debug */,
				29804E571D0CD9CF839E53CA /* Release */,
			);
			defaultConfigurationIsVisible = 0;
			defaultConfigurationName = Debug;
		};
/* End XCConfigurationList section */
	};
	rootObject = 1921333CFB472A9A1F79BA0F /* Project object */;
}
